
Microsoft Visual Studio Solution File, Format Version 12.00
# Visual Studio Version 16
VisualStudioVersion = 16.0.810.8
MinimumVisualStudioVersion = 10.0.40219.1
Project("{FAE04EC0-301F-11D3-BF4B-00C04F79EFBC}") = "Test", "Test\Test.csproj", "{B4BD9351-C6B9-4C6E-AB0C-28124104F7F9}"
EndProject
Global
	GlobalSection(SolutionConfigurationPlatforms) = preSolution
		Debug|Any CPU = Debug|Any CPU
		Release|Any CPU = Release|Any CPU
	EndGlobalSection
	GlobalSection(ProjectConfigurationPlatforms) = postSolution
		{B4BD9351-C6B9-4C6E-AB0C-28124104F7F9}.Debug|Any CPU.ActiveCfg = Debug|Any CPU
		{B4BD9351-C6B9-4C6E-AB0C-28124104F7F9}.Debug|Any CPU.Build.0 = Debug|Any CPU
		{B4BD9351-C6B9-4C6E-AB0C-28124104F7F9}.Release|Any CPU.ActiveCfg = Release|Any CPU
		{B4BD9351-C6B9-4C6E-AB0C-28124104F7F9}.Release|Any CPU.Build.0 = Release|Any CPU
	EndGlobalSection
	GlobalSection(SolutionProperties) = preSolution
		HideSolutionNode = FALSE
	EndGlobalSection
	GlobalSection(ExtensibilityGlobals) = postSolution
		SolutionGuid = {A37EEACA-FE29-444F-8B69-A41C4BCFFFEE}
	EndGlobalSection
EndGlobal
